
Microsoft Visual Studio Solution File, Format Version 12.00
# Visual Studio Version 17
VisualStudioVersion = 17.6.33513.286
MinimumVisualStudioVersion = 10.0.40219.1
Project("{FAE04EC0-301F-11D3-BF4B-00C04F79EFBC}") = "Literature.Forms", "Literature.Forms\Literature.Forms.csproj", "{2CBF97B8-5D82-4B19-B59D-414771A63557}"
EndProject
Global
	GlobalSection(SolutionConfigurationPlatforms) = preSolution
		Debug|Any CPU = Debug|Any CPU
		Release|Any CPU = Release|Any CPU
	EndGlobalSection
	GlobalSection(ProjectConfigurationPlatforms) = postSolution
		{2CBF97B8-5D82-4B19-B59D-414771A63557}.Debug|Any CPU.ActiveCfg = Debug|Any CPU
		{2CBF97B8-5D82-4B19-B59D-414771A63557}.Debug|Any CPU.Build.0 = Debug|Any CPU
		{2CBF97B8-5D82-4B19-B59D-414771A63557}.Release|Any CPU.ActiveCfg = Release|Any CPU
		{2CBF97B8-5D82-4B19-B59D-414771A63557}.Release|Any CPU.Build.0 = Release|Any CPU
	EndGlobalSection
	GlobalSection(SolutionProperties) = preSolution
		HideSolutionNode = FALSE
	EndGlobalSection
	GlobalSection(ExtensibilityGlobals) = postSolution
		SolutionGuid = {2B421CB4-6D5E-4BF9-B39A-6D3AF5C3F776}
	EndGlobalSection
EndGlobal
